// !$*UTF8*$!
{
	archiveVersion = 1;
	classes = {
	};
	objectVersion = 50;
	objects = {

/* Begin PBXBuildFile section */
		6B5B25D521478EE700A99D0D /* AppDelegate.swift in Sources */ = {isa = PBXBuildFile; fileRef = 6B5B25D421478EE700A99D0D /* AppDelegate.swift */; };
		6B5B25D721478EE700A99D0D /* ViewController.swift in Sources */ = {isa = PBXBuildFile; fileRef = 6B5B25D621478EE700A99D0D /* ViewController.swift */; };
		6B5B25DA21478EE700A99D0D /* Main.storyboard in Resources */ = {isa = PBXBuildFile; fileRef = 6B5B25D821478EE700A99D0D /* Main.storyboard */; };
		6B5B25DC21478EE800A99D0D /* Assets.xcassets in Resources */ = {isa = PBXBuildFile; fileRef = 6B5B25DB21478EE800A99D0D /* Assets.xcassets */; };
		6B5B25DF21478EE800A99D0D /* LaunchScreen.storyboard in Resources */ = {isa = PBXBuildFile; fileRef = 6B5B25DD21478EE800A99D0D /* LaunchScreen.storyboard */; };
		6B5B25EA21478EE800A99D0D /* jjjjaaaTests.swift in Sources */ = {isa = PBXBuildFile; fileRef = 6B5B25E921478EE800A99D0D /* jjjjaaaTests.swift */; };
		6B5B25F521478EE800A99D0D /* jjjjaaaUITests.swift in Sources */ = {isa = PBXBuildFile; fileRef = 6B5B25F421478EE800A99D0D /* jjjjaaaUITests.swift */; };
		6B5B260321478F7A00A99D0D /* LPBanner.swift in Sources */ = {isa = PBXBuildFile; fileRef = 6B5B260221478F7A00A99D0D /* LPBanner.swift */; };
/* End PBXBuildFile section */

/* Begin PBXContainerItemProxy section */
		6B5B25E621478EE800A99D0D /* PBXContainerItemProxy */ = {
			isa = PBXContainerItemProxy;
			containerPortal = 6B5B25C921478EE600A99D0D /* Project object */;
			proxyType = 1;
			remoteGlobalIDString = 6B5B25D021478EE700A99D0D;
			remoteInfo = jjjjaaa;
		};
		6B5B25F121478EE800A99D0D /* PBXContainerItemProxy */ = {
			isa = PBXContainerItemProxy;
			containerPortal = 6B5B25C921478EE600A99D0D /* Project object */;
			proxyType = 1;
			remoteGlobalIDString = 6B5B25D021478EE700A99D0D;
			remoteInfo = jjjjaaa;
		};
/* End PBXContainerItemProxy section */

/* Begin PBXFileReference section */
		6B5B25D121478EE700A99D0D /* jjjjaaa.app */ = {isa = PBXFileReference; explicitFileType = wrapper.application; includeInIndex = 0; path = jjjjaaa.app; sourceTree = BUILT_PRODUCTS_DIR; };
		6B5B25D421478EE700A99D0D /* AppDelegate.swift */ = {isa = PBXFileReference; lastKnownFileType = sourcecode.swift; path = AppDelegate.swift; sourceTree = "<group>"; };
		6B5B25D621478EE700A99D0D /* ViewController.swift */ = {isa = PBXFileReference; lastKnownFileType = sourcecode.swift; path = ViewController.swift; sourceTree = "<group>"; };
		6B5B25D921478EE700A99D0D /* Base */ = {isa = PBXFileReference; lastKnownFileType = file.storyboard; name = Base; path = Base.lproj/Main.storyboard; sourceTree = "<group>"; };
		6B5B25DB21478EE800A99D0D /* Assets.xcassets */ = {isa = PBXFileReference; lastKnownFileType = folder.assetcatalog; path = Assets.xcassets; sourceTree = "<group>"; };
		6B5B25DE21478EE800A99D0D /* Base */ = {isa = PBXFileReference; lastKnownFileType = file.storyboard; name = Base; path = Base.lproj/LaunchScreen.storyboard; sourceTree = "<group>"; };
		6B5B25E021478EE800A99D0D /* Info.plist */ = {isa = PBXFileReference; lastKnownFileType = text.plist.xml; path = Info.plist; sourceTree = "<group>"; };
		6B5B25E521478EE800A99D0D /* jjjjaaaTests.xctest */ = {isa = PBXFileReference; explicitFileType = wrapper.cfbundle; includeInIndex = 0; path = jjjjaaaTests.xctest; sourceTree = BUILT_PRODUCTS_DIR; };
		6B5B25E921478EE800A99D0D /* jjjjaaaTests.swift */ = {isa = PBXFileReference; lastKnownFileType = sourcecode.swift; path = jjjjaaaTests.swift; sourceTree = "<group>"; };
		6B5B25EB21478EE800A99D0D /* Info.plist */ = {isa = PBXFileReference; lastKnownFileType = text.plist.xml; path = Info.plist; sourceTree = "<group>"; };
		6B5B25F021478EE800A99D0D /* jjjjaaaUITests.xctest */ = {isa = PBXFileReference; explicitFileType = wrapper.cfbundle; includeInIndex = 0; path = jjjjaaaUITests.xctest; sourceTree = BUILT_PRODUCTS_DIR; };
		6B5B25F421478EE800A99D0D /* jjjjaaaUITests.swift */ = {isa = PBXFileReference; lastKnownFileType = sourcecode.swift; path = jjjjaaaUITests.swift; sourceTree = "<group>"; };
		6B5B25F621478EE800A99D0D /* Info.plist */ = {isa = PBXFileReference; lastKnownFileType = text.plist.xml; path = Info.plist; sourceTree = "<group>"; };
		6B5B260221478F7A00A99D0D /* LPBanner.swift */ = {isa = PBXFileReference; lastKnownFileType = sourcecode.swift; path = LPBanner.swift; sourceTree = "<group>"; };
/* End PBXFileReference section */

/* Begin PBXFrameworksBuildPhase section */
		6B5B25CE21478EE700A99D0D /* Frameworks */ = {
			isa = PBXFrameworksBuildPhase;
			buildActionMask = 2147483647;
			files = (
			);
			runOnlyForDeploymentPostprocessing = 0;
		};
		6B5B25E221478EE800A99D0D /* Frameworks */ = {
			isa = PBXFrameworksBuildPhase;
			buildActionMask = 2147483647;
			files = (
			);
			runOnlyForDeploymentPostprocessing = 0;
		};
		6B5B25ED21478EE800A99D0D /* Frameworks */ = {
			isa = PBXFrameworksBuildPhase;
			buildActionMask = 2147483647;
			files = (
			);
			runOnlyForDeploymentPostprocessing = 0;
		};
/* End PBXFrameworksBuildPhase section */

/* Begin PBXGroup section */
		6B5B25C821478EE600A99D0D = {
			isa = PBXGroup;
			children = (
				6B5B25D321478EE700A99D0D /* jjjjaaa */,
				6B5B25E821478EE800A99D0D /* jjjjaaaTests */,
				6B5B25F321478EE800A99D0D /* jjjjaaaUITests */,
				6B5B25D221478EE700A99D0D /* Products */,
			);
			sourceTree = "<group>";
		};
		6B5B25D221478EE700A99D0D /* Products */ = {
			isa = PBXGroup;
			children = (
				6B5B25D121478EE700A99D0D /* jjjjaaa.app */,
				6B5B25E521478EE800A99D0D /* jjjjaaaTests.xctest */,
				6B5B25F021478EE800A99D0D /* jjjjaaaUITests.xctest */,
			);
			name = Products;
			sourceTree = "<group>";
		};
		6B5B25D321478EE700A99D0D /* jjjjaaa */ = {
			isa = PBXGroup;
			children = (
				6B5B25D421478EE700A99D0D /* AppDelegate.swift */,
				6B5B25D621478EE700A99D0D /* ViewController.swift */,
				6B5B260221478F7A00A99D0D /* LPBanner.swift */,
				6B5B25D821478EE700A99D0D /* Main.storyboard */,
				6B5B25DB21478EE800A99D0D /* Assets.xcassets */,
				6B5B25DD21478EE800A99D0D /* LaunchScreen.storyboard */,
				6B5B25E021478EE800A99D0D /* Info.plist */,
			);
			path = jjjjaaa;
			sourceTree = "<group>";
		};
		6B5B25E821478EE800A99D0D /* jjjjaaaTests */ = {
			isa = PBXGroup;
			children = (
				6B5B25E921478EE800A99D0D /* jjjjaaaTests.swift */,
				6B5B25EB21478EE800A99D0D /* Info.plist */,
			);
			path = jjjjaaaTests;
			sourceTree = "<group>";
		};
		6B5B25F321478EE800A99D0D /* jjjjaaaUITests */ = {
			isa = PBXGroup;
			children = (
				6B5B25F421478EE800A99D0D /* jjjjaaaUITests.swift */,
				6B5B25F621478EE800A99D0D /* Info.plist */,
			);
			path = jjjjaaaUITests;
			sourceTree = "<group>";
		};
/* End PBXGroup section */

/* Begin PBXNativeTarget section */
		6B5B25D021478EE700A99D0D /* jjjjaaa */ = {
			isa = PBXNativeTarget;
			buildConfigurationList = 6B5B25F921478EE800A99D0D /* Build configuration list for PBXNativeTarget "jjjjaaa" */;
			buildPhases = (
				6B5B25CD21478EE700A99D0D /* Sources */,
				6B5B25CE21478EE700A99D0D /* Frameworks */,
				6B5B25CF21478EE700A99D0D /* Resources */,
			);
			buildRules = (
			);
			dependencies = (
			);
			name = jjjjaaa;
			productName = jjjjaaa;
			productReference = 6B5B25D121478EE700A99D0D /* jjjjaaa.app */;
			productType = "com.apple.product-type.application";
		};
		6B5B25E421478EE800A99D0D /* jjjjaaaTests */ = {
			isa = PBXNativeTarget;
			buildConfigurationList = 6B5B25FC21478EE800A99D0D /* Build configuration list for PBXNativeTarget "jjjjaaaTests" */;
			buildPhases = (
				6B5B25E121478EE800A99D0D /* Sources */,
				6B5B25E221478EE800A99D0D /* Frameworks */,
				6B5B25E321478EE800A99D0D /* Resources */,
			);
			buildRules = (
			);
			dependencies = (
				6B5B25E721478EE800A99D0D /* PBXTargetDependency */,
			);
			name = jjjjaaaTests;
			productName = jjjjaaaTests;
			productReference = 6B5B25E521478EE800A99D0D /* jjjjaaaTests.xctest */;
			productType = "com.apple.product-type.bundle.unit-test";
		};
		6B5B25EF21478EE800A99D0D /* jjjjaaaUITests */ = {
			isa = PBXNativeTarget;
			buildConfigurationList = 6B5B25FF21478EE800A99D0D /* Build configuration list for PBXNativeTarget "jjjjaaaUITests" */;
			buildPhases = (
				6B5B25EC21478EE800A99D0D /* Sources */,
				6B5B25ED21478EE800A99D0D /* Frameworks */,
				6B5B25EE21478EE800A99D0D /* Resources */,
			);
			buildRules = (
			);
			dependencies = (
				6B5B25F221478EE800A99D0D /* PBXTargetDependency */,
			);
			name = jjjjaaaUITests;
			productName = jjjjaaaUITests;
			productReference = 6B5B25F021478EE800A99D0D /* jjjjaaaUITests.xctest */;
			productType = "com.apple.product-type.bundle.ui-testing";
		};
/* End PBXNativeTarget section */

/* Begin PBXProject section */
		6B5B25C921478EE600A99D0D /* Project object */ = {
			isa = PBXProject;
			attributes = {
				LastSwiftUpdateCheck = 0940;
				LastUpgradeCheck = 0940;
				ORGANIZATIONNAME = "路鹏";
				TargetAttributes = {
					6B5B25D021478EE700A99D0D = {
						CreatedOnToolsVersion = 9.4.1;
					};
					6B5B25E421478EE800A99D0D = {
						CreatedOnToolsVersion = 9.4.1;
						TestTargetID = 6B5B25D021478EE700A99D0D;
					};
					6B5B25EF21478EE800A99D0D = {
						CreatedOnToolsVersion = 9.4.1;
						TestTargetID = 6B5B25D021478EE700A99D0D;
					};
				};
			};
			buildConfigurationList = 6B5B25CC21478EE600A99D0D /* Build configuration list for PBXProject "jjjjaaa" */;
			compatibilityVersion = "Xcode 9.3";
			developmentRegion = en;
			hasScannedForEncodings = 0;
			knownRegions = (
				en,
				Base,
			);
			mainGroup = 6B5B25C821478EE600A99D0D;
			productRefGroup = 6B5B25D221478EE700A99D0D /* Products */;
			projectDirPath = "";
			projectRoot = "";
			targets = (
				6B5B25D021478EE700A99D0D /* jjjjaaa */,
				6B5B25E421478EE800A99D0D /* jjjjaaaTests */,
				6B5B25EF21478EE800A99D0D /* jjjjaaaUITests */,
			);
		};
/* End PBXProject section */

/* Begin PBXResourcesBuildPhase section */
		6B5B25CF21478EE700A99D0D /* Resources */ = {
			isa = PBXResourcesBuildPhase;
			buildActionMask = 2147483647;
			files = (
				6B5B25DF21478EE800A99D0D /* LaunchScreen.storyboard in Resources */,
				6B5B25DC21478EE800A99D0D /* Assets.xcassets in Resources */,
				6B5B25DA21478EE700A99D0D /* Main.storyboard in Resources */,
			);
			runOnlyForDeploymentPostprocessing = 0;
		};
		6B5B25E321478EE800A99D0D /* Resources */ = {
			isa = PBXResourcesBuildPhase;
			buildActionMask = 2147483647;
			files = (
			);
			runOnlyForDeploymentPostprocessing = 0;
		};
		6B5B25EE21478EE800A99D0D /* Resources */ = {
			isa = PBXResourcesBuildPhase;
			buildActionMask = 2147483647;
			files = (
			);
			runOnlyForDeploymentPostprocessing = 0;
		};
/* End PBXResourcesBuildPhase section */

/* Begin PBXSourcesBuildPhase section */
		6B5B25CD21478EE700A99D0D /* Sources */ = {
			isa = PBXSourcesBuildPhase;
			buildActionMask = 2147483647;
			files = (
				6B5B25D721478EE700A99D0D /* ViewController.swift in Sources */,
				6B5B260321478F7A00A99D0D /* LPBanner.swift in Sources */,
				6B5B25D521478EE700A99D0D /* AppDelegate.swift in Sources */,
			);
			runOnlyForDeploymentPostprocessing = 0;
		};
		6B5B25E121478EE800A99D0D /* Sources */ = {
			isa = PBXSourcesBuildPhase;
			buildActionMask = 2147483647;
			files = (
				6B5B25EA21478EE800A99D0D /* jjjjaaaTests.swift in Sources */,
			);
			runOnlyForDeploymentPostprocessing = 0;
		};
		6B5B25EC21478EE800A99D0D /* Sources */ = {
			isa = PBXSourcesBuildPhase;
			buildActionMask = 2147483647;
			files = (
				6B5B25F521478EE800A99D0D /* jjjjaaaUITests.swift in Sources */,
			);
			runOnlyForDeploymentPostprocessing = 0;
		};
/* End PBXSourcesBuildPhase section */

/* Begin PBXTargetDependency section */
		6B5B25E721478EE800A99D0D /* PBXTargetDependency */ = {
			isa = PBXTargetDependency;
			target = 6B5B25D021478EE700A99D0D /* jjjjaaa */;
			targetProxy = 6B5B25E621478EE800A99D0D /* PBXContainerItemProxy */;
		};
		6B5B25F221478EE800A99D0D /* PBXTargetDependency */ = {
			isa = PBXTargetDependency;
			target = 6B5B25D021478EE700A99D0D /* jjjjaaa */;
			targetProxy = 6B5B25F121478EE800A99D0D /* PBXContainerItemProxy */;
		};
/* End PBXTargetDependency section */

/* Begin PBXVariantGroup section */
		6B5B25D821478EE700A99D0D /* Main.storyboard */ = {
			isa = PBXVariantGroup;
			children = (
				6B5B25D921478EE700A99D0D /* Base */,
			);
			name = Main.storyboard;
			sourceTree = "<group>";
		};
		6B5B25DD21478EE800A99D0D /* LaunchScreen.storyboard */ = {
			isa = PBXVariantGroup;
			children = (
				6B5B25DE21478EE800A99D0D /* Base */,
			);
			name = LaunchScreen.storyboard;
			sourceTree = "<group>";
		};
/* End PBXVariantGroup section */

/* Begin XCBuildConfiguration section */
		6B5B25F721478EE800A99D0D /* Debug */ = {
			isa = XCBuildConfiguration;
			buildSettings = {
				ALWAYS_SEARCH_USER_PATHS = NO;
				CLANG_ANALYZER_NONNULL = YES;
				CLANG_ANALYZER_NUMBER_OBJECT_CONVERSION = YES_AGGRESSIVE;
				CLANG_CXX_LANGUAGE_STANDARD = "gnu++14";
				CLANG_CXX_LIBRARY = "libc++";
				CLANG_ENABLE_MODULES = YES;
				CLANG_ENABLE_OBJC_ARC = YES;
				CLANG_ENABLE_OBJC_WEAK = YES;
				CLANG_WARN_BLOCK_CAPTURE_AUTORELEASING = YES;
				CLANG_WARN_BOOL_CONVERSION = YES;
				CLANG_WARN_COMMA = YES;
				CLANG_WARN_CONSTANT_CONVERSION = YES;
				CLANG_WARN_DEPRECATED_OBJC_IMPLEMENTATIONS = YES;
				CLANG_WARN_DIRECT_OBJC_ISA_USAGE = YES_ERROR;
				CLANG_WARN_DOCUMENTATION_COMMENTS = YES;
				CLANG_WARN_EMPTY_BODY = YES;
				CLANG_WARN_ENUM_CONVERSION = YES;
				CLANG_WARN_INFINITE_RECURSION = YES;
				CLANG_WARN_INT_CONVERSION = YES;
				CLANG_WARN_NON_LITERAL_NULL_CONVERSION = YES;
				CLANG_WARN_OBJC_IMPLICIT_RETAIN_SELF = YES;
				CLANG_WARN_OBJC_LITERAL_CONVERSION = YES;
				CLANG_WARN_OBJC_ROOT_CLASS = YES_ERROR;
				CLANG_WARN_RANGE_LOOP_ANALYSIS = YES;
				CLANG_WARN_STRICT_PROTOTYPES = YES;
				CLANG_WARN_SUSPICIOUS_MOVE = YES;
				CLANG_WARN_UNGUARDED_AVAILABILITY = YES_AGGRESSIVE;
				CLANG_WARN_UNREACHABLE_CODE = YES;
				CLANG_WARN__DUPLICATE_METHOD_MATCH = YES;
				CODE_SIGN_IDENTITY = "iPhone Developer";
				COPY_PHASE_STRIP = NO;
				DEBUG_INFORMATION_FORMAT = dwarf;
				ENABLE_STRICT_OBJC_MSGSEND = YES;
				ENABLE_TESTABILITY = YES;
				GCC_C_LANGUAGE_STANDARD = gnu11;
				GCC_DYNAMIC_NO_PIC = NO;
				GCC_NO_COMMON_BLOCKS = YES;
				GCC_OPTIMIZATION_LEVEL = 0;
				GCC_PREPROCESSOR_DEFINITIONS = (
					"DEBUG=1",
					"$(inherited)",
				);
				GCC_WARN_64_TO_32_BIT_CONVERSION = YES;
				GCC_WARN_ABOUT_RETURN_TYPE = YES_ERROR;
				GCC_WARN_UNDECLARED_SELECTOR = YES;
				GCC_WARN_UNINITIALIZED_AUTOS = YES_AGGRESSIVE;
				GCC_WARN_UNUSED_FUNCTION = YES;
				GCC_WARN_UNUSED_VARIABLE = YES;
				IPHONEOS_DEPLOYMENT_TARGET = 11.4;
				MTL_ENABLE_DEBUG_INFO = YES;
				ONLY_ACTIVE_ARCH = YES;
				SDKROOT = iphoneos;
				SWIFT_ACTIVE_COMPILATION_CONDITIONS = DEBUG;
				SWIFT_OPTIMIZATION_LEVEL = "-Onone";
			};
			name = Debug;
		};
		6B5B25F821478EE800A99D0D /* Release */ = {
			isa = XCBuildConfiguration;
			buildSettings = {
				ALWAYS_SEARCH_USER_PATHS = NO;
				CLANG_ANALYZER_NONNULL = YES;
				CLANG_ANALYZER_NUMBER_OBJECT_CONVERSION = YES_AGGRESSIVE;
				CLANG_CXX_LANGUAGE_STANDARD = "gnu++14";
				CLANG_CXX_LIBRARY = "libc++";
				CLANG_ENABLE_MODULES = YES;
				CLANG_ENABLE_OBJC_ARC = YES;
				CLANG_ENABLE_OBJC_WEAK = YES;
				CLANG_WARN_BLOCK_CAPTURE_AUTORELEASING = YES;
				CLANG_WARN_BOOL_CONVERSION = YES;
				CLANG_WARN_COMMA = YES;
				CLANG_WARN_CONSTANT_CONVERSION = YES;
				CLANG_WARN_DEPRECATED_OBJC_IMPLEMENTATIONS = YES;
				CLANG_WARN_DIRECT_OBJC_ISA_USAGE = YES_ERROR;
				CLANG_WARN_DOCUMENTATION_COMMENTS = YES;
				CLANG_WARN_EMPTY_BODY = YES;
				CLANG_WARN_ENUM_CONVERSION = YES;
				CLANG_WARN_INFINITE_RECURSION = YES;
				CLANG_WARN_INT_CONVERSION = YES;
				CLANG_WARN_NON_LITERAL_NULL_CONVERSION = YES;
				CLANG_WARN_OBJC_IMPLICIT_RETAIN_SELF = YES;
				CLANG_WARN_OBJC_LITERAL_CONVERSION = YES;
				CLANG_WARN_OBJC_ROOT_CLASS = YES_ERROR;
				CLANG_WARN_RANGE_LOOP_ANALYSIS = YES;
				CLANG_WARN_STRICT_PROTOTYPES = YES;
				CLANG_WARN_SUSPICIOUS_MOVE = YES;
				CLANG_WARN_UNGUARDED_AVAILABILITY = YES_AGGRESSIVE;
				CLANG_WARN_UNREACHABLE_CODE = YES;
				CLANG_WARN__DUPLICATE_METHOD_MATCH = YES;
				CODE_SIGN_IDENTITY = "iPhone Developer";
				COPY_PHASE_STRIP = NO;
				DEBUG_INFORMATION_FORMAT = "dwarf-with-dsym";
				ENABLE_NS_ASSERTIONS = NO;
				ENABLE_STRICT_OBJC_MSGSEND = YES;
				GCC_C_LANGUAGE_STANDARD = gnu11;
				GCC_NO_COMMON_BLOCKS = YES;
				GCC_WARN_64_TO_32_BIT_CONVERSION = YES;
				GCC_WARN_ABOUT_RETURN_TYPE = YES_ERROR;
				GCC_WARN_UNDECLARED_SELECTOR = YES;
				GCC_WARN_UNINITIALIZED_AUTOS = YES_AGGRESSIVE;
				GCC_WARN_UNUSED_FUNCTION = YES;
				GCC_WARN_UNUSED_VARIABLE = YES;
				IPHONEOS_DEPLOYMENT_TARGET = 11.4;
				MTL_ENABLE_DEBUG_INFO = NO;
				SDKROOT = iphoneos;
				SWIFT_COMPILATION_MODE = wholemodule;
				SWIFT_OPTIMIZATION_LEVEL = "-O";
				VALIDATE_PRODUCT = YES;
			};
			name = Release;
		};
		6B5B25FA21478EE800A99D0D /* Debug */ = {
			isa = XCBuildConfiguration;
			buildSettings = {
				ASSETCATALOG_COMPILER_APPICON_NAME = AppIcon;
				CODE_SIGN_STYLE = Automatic;
				INFOPLIST_FILE = jjjjaaa/Info.plist;
				LD_RUNPATH_SEARCH_PATHS = (
					"$(inherited)",
					"@executable_path/Frameworks",
				);
				PRODUCT_BUNDLE_IDENTIFIER = aa.jjjjaaa;
				PRODUCT_NAME = "$(TARGET_NAME)";
				SWIFT_VERSION = 3.0;
				TARGETED_DEVICE_FAMILY = "1,2";
			};
			name = Debug;
		};
		6B5B25FB21478EE800A99D0D /* Release */ = {
			isa = XCBuildConfiguration;
			buildSettings = {
				ASSETCATALOG_COMPILER_APPICON_NAME = AppIcon;
				CODE_SIGN_STYLE = Automatic;
				INFOPLIST_FILE = jjjjaaa/Info.plist;
				LD_RUNPATH_SEARCH_PATHS = (
					"$(inherited)",
					"@executable_path/Frameworks",
				);
				PRODUCT_BUNDLE_IDENTIFIER = aa.jjjjaaa;
				PRODUCT_NAME = "$(TARGET_NAME)";
				SWIFT_VERSION = 3.0;
				TARGETED_DEVICE_FAMILY = "1,2";
			};
			name = Release;
		};
		6B5B25FD21478EE800A99D0D /* Debug */ = {
			isa = XCBuildConfiguration;
			buildSettings = {
				ALWAYS_EMBED_SWIFT_STANDARD_LIBRARIES = YES;
				BUNDLE_LOADER = "$(TEST_HOST)";
				CODE_SIGN_STYLE = Automatic;
				INFOPLIST_FILE = jjjjaaaTests/Info.plist;
				LD_RUNPATH_SEARCH_PATHS = (
					"$(inherited)",
					"@executable_path/Frameworks",
					"@loader_path/Frameworks",
				);
				PRODUCT_BUNDLE_IDENTIFIER = aa.jjjjaaaTests;
				PRODUCT_NAME = "$(TARGET_NAME)";
				SWIFT_VERSION = 4.0;
				TARGETED_DEVICE_FAMILY = "1,2";
				TEST_HOST = "$(BUILT_PRODUCTS_DIR)/jjjjaaa.app/jjjjaaa";
			};
			name = Debug;
		};
		6B5B25FE21478EE800A99D0D /* Release */ = {
			isa = XCBuildConfiguration;
			buildSettings = {
				ALWAYS_EMBED_SWIFT_STANDARD_LIBRARIES = YES;
				BUNDLE_LOADER = "$(TEST_HOST)";
				CODE_SIGN_STYLE = Automatic;
				INFOPLIST_FILE = jjjjaaaTests/Info.plist;
				LD_RUNPATH_SEARCH_PATHS = (
					"$(inherited)",
					"@executable_path/Frameworks",
					"@loader_path/Frameworks",
				);
				PRODUCT_BUNDLE_IDENTIFIER = aa.jjjjaaaTests;
				PRODUCT_NAME = "$(TARGET_NAME)";
				SWIFT_VERSION = 4.0;
				TARGETED_DEVICE_FAMILY = "1,2";
				TEST_HOST = "$(BUILT_PRODUCTS_DIR)/jjjjaaa.app/jjjjaaa";
			};
			name = Release;
		};
		6B5B260021478EE800A99D0D /* Debug */ = {
			isa = XCBuildConfiguration;
			buildSettings = {
				ALWAYS_EMBED_SWIFT_STANDARD_LIBRARIES = YES;
				CODE_SIGN_STYLE = Automatic;
				INFOPLIST_FILE = jjjjaaaUITests/Info.plist;
				LD_RUNPATH_SEARCH_PATHS = (
					"$(inherited)",
					"@executable_path/Frameworks",
					"@loader_path/Frameworks",
				);
				PRODUCT_BUNDLE_IDENTIFIER = aa.jjjjaaaUITests;
				PRODUCT_NAME = "$(TARGET_NAME)";
				SWIFT_VERSION = 4.0;
				TARGETED_DEVICE_FAMILY = "1,2";
				TEST_TARGET_NAME = jjjjaaa;
			};
			name = Debug;
		};
		6B5B260121478EE800A99D0D /* Release */ = {
			isa = XCBuildConfiguration;
			buildSettings = {
				ALWAYS_EMBED_SWIFT_STANDARD_LIBRARIES = YES;
				CODE_SIGN_STYLE = Automatic;
				INFOPLIST_FILE = jjjjaaaUITests/Info.plist;
				LD_RUNPATH_SEARCH_PATHS = (
					"$(inherited)",
					"@executable_path/Frameworks",
					"@loader_path/Frameworks",
				);
				PRODUCT_BUNDLE_IDENTIFIER = aa.jjjjaaaUITests;
				PRODUCT_NAME = "$(TARGET_NAME)";
				SWIFT_VERSION = 4.0;
				TARGETED_DEVICE_FAMILY = "1,2";
				TEST_TARGET_NAME = jjjjaaa;
			};
			name = Release;
		};
/* End XCBuildConfiguration section */

/* Begin XCConfigurationList section */
		6B5B25CC21478EE600A99D0D /* Build configuration list for PBXProject "jjjjaaa" */ = {
			isa = XCConfigurationList;
			buildConfigurations = (
				6B5B25F721478EE800A99D0D /* Debug */,
				6B5B25F821478EE800A99D0D /* Release */,
			);
			defaultConfigurationIsVisible = 0;
			defaultConfigurationName = Release;
		};
		6B5B25F921478EE800A99D0D /* Build configuration list for PBXNativeTarget "jjjjaaa" */ = {
			isa = XCConfigurationList;
			buildConfigurations = (
				6B5B25FA21478EE800A99D0D /* Debug */,
				6B5B25FB21478EE800A99D0D /* Release */,
			);
			defaultConfigurationIsVisible = 0;
			defaultConfigurationName = Release;
		};
		6B5B25FC21478EE800A99D0D /* Build configuration list for PBXNativeTarget "jjjjaaaTests" */ = {
			isa = XCConfigurationList;
			buildConfigurations = (
				6B5B25FD21478EE800A99D0D /* Debug */,
				6B5B25FE21478EE800A99D0D /* Release */,
			);
			defaultConfigurationIsVisible = 0;
			defaultConfigurationName = Release;
		};
		6B5B25FF21478EE800A99D0D /* Build configuration list for PBXNativeTarget "jjjjaaaUITests" */ = {
			isa = XCConfigurationList;
			buildConfigurations = (
				6B5B260021478EE800A99D0D /* Debug */,
				6B5B260121478EE800A99D0D /* Release */,
			);
			defaultConfigurationIsVisible = 0;
			defaultConfigurationName = Release;
		};
/* End XCConfigurationList section */
	};
	rootObject = 6B5B25C921478EE600A99D0D /* Project object */;
}
